// !$*UTF8*$!
{
	archiveVersion = 1;
	classes = {
	};
	objectVersion = 55;
	objects = {

/* Begin PBXBuildFile section */
		19A965D22813F8BE002E256D /* AppDelegate.swift in Sources */ = {isa = PBXBuildFile; fileRef = 19A965D12813F8BE002E256D /* AppDelegate.swift */; };
		19A965D42813F8BE002E256D /* SceneDelegate.swift in Sources */ = {isa = PBXBuildFile; fileRef = 19A965D32813F8BE002E256D /* SceneDelegate.swift */; };
		19A965D62813F8BE002E256D /* ViewController.swift in Sources */ = {isa = PBXBuildFile; fileRef = 19A965D52813F8BE002E256D /* ViewController.swift */; };
		19A965D92813F8BE002E256D /* Main.storyboard in Resources */ = {isa = PBXBuildFile; fileRef = 19A965D72813F8BE002E256D /* Main.storyboard */; };
		19A965DB2813F8C0002E256D /* Assets.xcassets in Resources */ = {isa = PBXBuildFile; fileRef = 19A965DA2813F8C0002E256D /* Assets.xcassets */; };
		19A965DE2813F8C0002E256D /* LaunchScreen.storyboard in Resources */ = {isa = PBXBuildFile; fileRef = 19A965DC2813F8C0002E256D /* LaunchScreen.storyboard */; };
		19A965E62813F91C002E256D /* BMIViewController.swift in Sources */ = {isa = PBXBuildFile; fileRef = 19A965E52813F91C002E256D /* BMIViewController.swift */; };
		19A965E8281411AA002E256D /* BmiResultModel.swift in Sources */ = {isa = PBXBuildFile; fileRef = 19A965E7281411AA002E256D /* BmiResultModel.swift */; };
/* End PBXBuildFile section */

/* Begin PBXFileReference section */
		19A965CE2813F8BE002E256D /* BMIwithSegue.app */ = {isa = PBXFileReference; explicitFileType = wrapper.application; includeInIndex = 0; path = BMIwithSegue.app; sourceTree = BUILT_PRODUCTS_DIR; };
		19A965D12813F8BE002E256D /* AppDelegate.swift */ = {isa = PBXFileReference; lastKnownFileType = sourcecode.swift; path = AppDelegate.swift; sourceTree = "<group>"; };
		19A965D32813F8BE002E256D /* SceneDelegate.swift */ = {isa = PBXFileReference; lastKnownFileType = sourcecode.swift; path = SceneDelegate.swift; sourceTree = "<group>"; };
		19A965D52813F8BE002E256D /* ViewController.swift */ = {isa = PBXFileReference; lastKnownFileType = sourcecode.swift; path = ViewController.swift; sourceTree = "<group>"; };
		19A965D82813F8BE002E256D /* Base */ = {isa = PBXFileReference; lastKnownFileType = file.storyboard; name = Base; path = Base.lproj/Main.storyboard; sourceTree = "<group>"; };
		19A965DA2813F8C0002E256D /* Assets.xcassets */ = {isa = PBXFileReference; lastKnownFileType = folder.assetcatalog; path = Assets.xcassets; sourceTree = "<group>"; };
		19A965DD2813F8C0002E256D /* Base */ = {isa = PBXFileReference; lastKnownFileType = file.storyboard; name = Base; path = Base.lproj/LaunchScreen.storyboard; sourceTree = "<group>"; };
		19A965DF2813F8C0002E256D /* Info.plist */ = {isa = PBXFileReference; lastKnownFileType = text.plist.xml; path = Info.plist; sourceTree = "<group>"; };
		19A965E52813F91C002E256D /* BMIViewController.swift */ = {isa = PBXFileReference; lastKnownFileType = sourcecode.swift; path = BMIViewController.swift; sourceTree = "<group>"; };
		19A965E7281411AA002E256D /* BmiResultModel.swift */ = {isa = PBXFileReference; lastKnownFileType = sourcecode.swift; path = BmiResultModel.swift; sourceTree = "<group>"; };
/* End PBXFileReference section */

/* Begin PBXFrameworksBuildPhase section */
		19A965CB2813F8BE002E256D /* Frameworks */ = {
			isa = PBXFrameworksBuildPhase;
			buildActionMask = 2147483647;
			files = (
			);
			runOnlyForDeploymentPostprocessing = 0;
		};
/* End PBXFrameworksBuildPhase section */

/* Begin PBXGroup section */
		19A965C52813F8BE002E256D = {
			isa = PBXGroup;
			children = (
				19A965D02813F8BE002E256D /* BMIwithSegue */,
				19A965CF2813F8BE002E256D /* Products */,
			);
			sourceTree = "<group>";
		};
		19A965CF2813F8BE002E256D /* Products */ = {
			isa = PBXGroup;
			children = (
				19A965CE2813F8BE002E256D /* BMIwithSegue.app */,
			);
			name = Products;
			sourceTree = "<group>";
		};
		19A965D02813F8BE002E256D /* BMIwithSegue */ = {
			isa = PBXGroup;
			children = (
				19A965D12813F8BE002E256D /* AppDelegate.swift */,
				19A965D32813F8BE002E256D /* SceneDelegate.swift */,
				19A965E52813F91C002E256D /* BMIViewController.swift */,
				19A965D52813F8BE002E256D /* ViewController.swift */,
				19A965E7281411AA002E256D /* BmiResultModel.swift */,
				19A965D72813F8BE002E256D /* Main.storyboard */,
				19A965DA2813F8C0002E256D /* Assets.xcassets */,
				19A965DC2813F8C0002E256D /* LaunchScreen.storyboard */,
				19A965DF2813F8C0002E256D /* Info.plist */,
			);
			path = BMIwithSegue;
			sourceTree = "<group>";
		};
/* End PBXGroup section */

/* Begin PBXNativeTarget section */
		19A965CD2813F8BE002E256D /* BMIwithSegue */ = {
			isa = PBXNativeTarget;
			buildConfigurationList = 19A965E22813F8C0002E256D /* Build configuration list for PBXNativeTarget "BMIwithSegue" */;
			buildPhases = (
				19A965CA2813F8BE002E256D /* Sources */,
				19A965CB2813F8BE002E256D /* Frameworks */,
				19A965CC2813F8BE002E256D /* Resources */,
			);
			buildRules = (
			);
			dependencies = (
			);
			name = BMIwithSegue;
			productName = BMIwithSegue;
			productReference = 19A965CE2813F8BE002E256D /* BMIwithSegue.app */;
			productType = "com.apple.product-type.application";
		};
/* End PBXNativeTarget section */

/* Begin PBXProject section */
		19A965C62813F8BE002E256D /* Project object */ = {
			isa = PBXProject;
			attributes = {
				BuildIndependentTargetsInParallel = 1;
				LastSwiftUpdateCheck = 1330;
				LastUpgradeCheck = 1330;
				TargetAttributes = {
					19A965CD2813F8BE002E256D = {
						CreatedOnToolsVersion = 13.3;
					};
				};
			};
			buildConfigurationList = 19A965C92813F8BE002E256D /* Build configuration list for PBXProject "BMIwithSegue" */;
			compatibilityVersion = "Xcode 13.0";
			developmentRegion = en;
			hasScannedForEncodings = 0;
			knownRegions = (
				en,
				Base,
			);
			mainGroup = 19A965C52813F8BE002E256D;
			productRefGroup = 19A965CF2813F8BE002E256D /* Products */;
			projectDirPath = "";
			projectRoot = "";
			targets = (
				19A965CD2813F8BE002E256D /* BMIwithSegue */,
			);
		};
/* End PBXProject section */

/* Begin PBXResourcesBuildPhase section */
		19A965CC2813F8BE002E256D /* Resources */ = {
			isa = PBXResourcesBuildPhase;
			buildActionMask = 2147483647;
			files = (
				19A965DE2813F8C0002E256D /* LaunchScreen.storyboard in Resources */,
				19A965DB2813F8C0002E256D /* Assets.xcassets in Resources */,
				19A965D92813F8BE002E256D /* Main.storyboard in Resources */,
			);
			runOnlyForDeploymentPostprocessing = 0;
		};
/* End PBXResourcesBuildPhase section */

/* Begin PBXSourcesBuildPhase section */
		19A965CA2813F8BE002E256D /* Sources */ = {
			isa = PBXSourcesBuildPhase;
			buildActionMask = 2147483647;
			files = (
				19A965E8281411AA002E256D /* BmiResultModel.swift in Sources */,
				19A965D62813F8BE002E256D /* ViewController.swift in Sources */,
				19A965E62813F91C002E256D /* BMIViewController.swift in Sources */,
				19A965D22813F8BE002E256D /* AppDelegate.swift in Sources */,
				19A965D42813F8BE002E256D /* SceneDelegate.swift in Sources */,
			);
			runOnlyForDeploymentPostprocessing = 0;
		};
/* End PBXSourcesBuildPhase section */

/* Begin PBXVariantGroup section */
		19A965D72813F8BE002E256D /* Main.storyboard */ = {
			isa = PBXVariantGroup;
			children = (
				19A965D82813F8BE002E256D /* Base */,
			);
			name = Main.storyboard;
			sourceTree = "<group>";
		};
		19A965DC2813F8C0002E256D /* LaunchScreen.storyboard */ = {
			isa = PBXVariantGroup;
			children = (
				19A965DD2813F8C0002E256D /* Base */,
			);
			name = LaunchScreen.storyboard;
			sourceTree = "<group>";
		};
/* End PBXVariantGroup section */

/* Begin XCBuildConfiguration section */
		19A965E02813F8C0002E256D /* Debug */ = {
			isa = XCBuildConfiguration;
			buildSettings = {
				ALWAYS_SEARCH_USER_PATHS = NO;
				CLANG_ANALYZER_NONNULL = YES;
				CLANG_ANALYZER_NUMBER_OBJECT_CONVERSION = YES_AGGRESSIVE;
				CLANG_CXX_LANGUAGE_STANDARD = "gnu++17";
				CLANG_ENABLE_MODULES = YES;
				CLANG_ENABLE_OBJC_ARC = YES;
				CLANG_ENABLE_OBJC_WEAK = YES;
				CLANG_WARN_BLOCK_CAPTURE_AUTORELEASING = YES;
				CLANG_WARN_BOOL_CONVERSION = YES;
				CLANG_WARN_COMMA = YES;
				CLANG_WARN_CONSTANT_CONVERSION = YES;
				CLANG_WARN_DEPRECATED_OBJC_IMPLEMENTATIONS = YES;
				CLANG_WARN_DIRECT_OBJC_ISA_USAGE = YES_ERROR;
				CLANG_WARN_DOCUMENTATION_COMMENTS = YES;
				CLANG_WARN_EMPTY_BODY = YES;
				CLANG_WARN_ENUM_CONVERSION = YES;
				CLANG_WARN_INFINITE_RECURSION = YES;
				CLANG_WARN_INT_CONVERSION = YES;
				CLANG_WARN_NON_LITERAL_NULL_CONVERSION = YES;
				CLANG_WARN_OBJC_IMPLICIT_RETAIN_SELF = YES;
				CLANG_WARN_OBJC_LITERAL_CONVERSION = YES;
				CLANG_WARN_OBJC_ROOT_CLASS = YES_ERROR;
				CLANG_WARN_QUOTED_INCLUDE_IN_FRAMEWORK_HEADER = YES;
				CLANG_WARN_RANGE_LOOP_ANALYSIS = YES;
				CLANG_WARN_STRICT_PROTOTYPES = YES;
				CLANG_WARN_SUSPICIOUS_MOVE = YES;
				CLANG_WARN_UNGUARDED_AVAILABILITY = YES_AGGRESSIVE;
				CLANG_WARN_UNREACHABLE_CODE = YES;
				CLANG_WARN__DUPLICATE_METHOD_MATCH = YES;
				COPY_PHASE_STRIP = NO;
				DEBUG_INFORMATION_FORMAT = dwarf;
				ENABLE_STRICT_OBJC_MSGSEND = YES;
				ENABLE_TESTABILITY = YES;
				GCC_C_LANGUAGE_STANDARD = gnu11;
				GCC_DYNAMIC_NO_PIC = NO;
				GCC_NO_COMMON_BLOCKS = YES;
				GCC_OPTIMIZATION_LEVEL = 0;
				GCC_PREPROCESSOR_DEFINITIONS = (
					"DEBUG=1",
					"$(inherited)",
				);
				GCC_WARN_64_TO_32_BIT_CONVERSION = YES;
				GCC_WARN_ABOUT_RETURN_TYPE = YES_ERROR;
				GCC_WARN_UNDECLARED_SELECTOR = YES;
				GCC_WARN_UNINITIALIZED_AUTOS = YES_AGGRESSIVE;
				GCC_WARN_UNUSED_FUNCTION = YES;
				GCC_WARN_UNUSED_VARIABLE = YES;
				IPHONEOS_DEPLOYMENT_TARGET = 15.4;
				MTL_ENABLE_DEBUG_INFO = INCLUDE_SOURCE;
				MTL_FAST_MATH = YES;
				ONLY_ACTIVE_ARCH = YES;
				SDKROOT = iphoneos;
				SWIFT_ACTIVE_COMPILATION_CONDITIONS = DEBUG;
				SWIFT_OPTIMIZATION_LEVEL = "-Onone";
			};
			name = Debug;
		};
		19A965E12813F8C0002E256D /* Release */ = {
			isa = XCBuildConfiguration;
			buildSettings = {
				ALWAYS_SEARCH_USER_PATHS = NO;
				CLANG_ANALYZER_NONNULL = YES;
				CLANG_ANALYZER_NUMBER_OBJECT_CONVERSION = YES_AGGRESSIVE;
				CLANG_CXX_LANGUAGE_STANDARD = "gnu++17";
				CLANG_ENABLE_MODULES = YES;
				CLANG_ENABLE_OBJC_ARC = YES;
				CLANG_ENABLE_OBJC_WEAK = YES;
				CLANG_WARN_BLOCK_CAPTURE_AUTORELEASING = YES;
				CLANG_WARN_BOOL_CONVERSION = YES;
				CLANG_WARN_COMMA = YES;
				CLANG_WARN_CONSTANT_CONVERSION = YES;
				CLANG_WARN_DEPRECATED_OBJC_IMPLEMENTATIONS = YES;
				CLANG_WARN_DIRECT_OBJC_ISA_USAGE = YES_ERROR;
				CLANG_WARN_DOCUMENTATION_COMMENTS = YES;
				CLANG_WARN_EMPTY_BODY = YES;
				CLANG_WARN_ENUM_CONVERSION = YES;
				CLANG_WARN_INFINITE_RECURSION = YES;
				CLANG_WARN_INT_CONVERSION = YES;
				CLANG_WARN_NON_LITERAL_NULL_CONVERSION = YES;
				CLANG_WARN_OBJC_IMPLICIT_RETAIN_SELF = YES;
				CLANG_WARN_OBJC_LITERAL_CONVERSION = YES;
				CLANG_WARN_OBJC_ROOT_CLASS = YES_ERROR;
				CLANG_WARN_QUOTED_INCLUDE_IN_FRAMEWORK_HEADER = YES;
				CLANG_WARN_RANGE_LOOP_ANALYSIS = YES;
				CLANG_WARN_STRICT_PROTOTYPES = YES;
				CLANG_WARN_SUSPICIOUS_MOVE = YES;
				CLANG_WARN_UNGUARDED_AVAILABILITY = YES_AGGRESSIVE;
				CLANG_WARN_UNREACHABLE_CODE = YES;
				CLANG_WARN__DUPLICATE_METHOD_MATCH = YES;
				COPY_PHASE_STRIP = NO;
				DEBUG_INFORMATION_FORMAT = "dwarf-with-dsym";
				ENABLE_NS_ASSERTIONS = NO;
				ENABLE_STRICT_OBJC_MSGSEND = YES;
				GCC_C_LANGUAGE_STANDARD = gnu11;
				GCC_NO_COMMON_BLOCKS = YES;
				GCC_WARN_64_TO_32_BIT_CONVERSION = YES;
				GCC_WARN_ABOUT_RETURN_TYPE = YES_ERROR;
				GCC_WARN_UNDECLARED_SELECTOR = YES;
				GCC_WARN_UNINITIALIZED_AUTOS = YES_AGGRESSIVE;
				GCC_WARN_UNUSED_FUNCTION = YES;
				GCC_WARN_UNUSED_VARIABLE = YES;
				IPHONEOS_DEPLOYMENT_TARGET = 15.4;
				MTL_ENABLE_DEBUG_INFO = NO;
				MTL_FAST_MATH = YES;
				SDKROOT = iphoneos;
				SWIFT_COMPILATION_MODE = wholemodule;
				SWIFT_OPTIMIZATION_LEVEL = "-O";
				VALIDATE_PRODUCT = YES;
			};
			name = Release;
		};
		19A965E32813F8C0002E256D /* Debug */ = {
			isa = XCBuildConfiguration;
			buildSettings = {
				ASSETCATALOG_COMPILER_APPICON_NAME = AppIcon;
				ASSETCATALOG_COMPILER_GLOBAL_ACCENT_COLOR_NAME = AccentColor;
				CODE_SIGN_STYLE = Automatic;
				CURRENT_PROJECT_VERSION = 1;
				DEVELOPMENT_TEAM = Q2VA6W33TG;
				GENERATE_INFOPLIST_FILE = YES;
				INFOPLIST_FILE = BMIwithSegue/Info.plist;
				INFOPLIST_KEY_UIApplicationSupportsIndirectInputEvents = YES;
				INFOPLIST_KEY_UILaunchStoryboardName = LaunchScreen;
				INFOPLIST_KEY_UIMainStoryboardFile = Main;
				INFOPLIST_KEY_UISupportedInterfaceOrientations_iPad = "UIInterfaceOrientationPortrait UIInterfaceOrientationPortraitUpsideDown UIInterfaceOrientationLandscapeLeft UIInterfaceOrientationLandscapeRight";
				INFOPLIST_KEY_UISupportedInterfaceOrientations_iPhone = "UIInterfaceOrientationPortrait UIInterfaceOrientationLandscapeLeft UIInterfaceOrientationLandscapeRight";
				LD_RUNPATH_SEARCH_PATHS = (
					"$(inherited)",
					"@executable_path/Frameworks",
				);
				MARKETING_VERSION = 1.0;
				PRODUCT_BUNDLE_IDENTIFIER = Bolshibayeva.Aigerim.BMIwithSegue;
				PRODUCT_NAME = "$(TARGET_NAME)";
				SWIFT_EMIT_LOC_STRINGS = YES;
				SWIFT_VERSION = 5.0;
				TARGETED_DEVICE_FAMILY = 1;
			};
			name = Debug;
		};
		19A965E42813F8C0002E256D /* Release */ = {
			isa = XCBuildConfiguration;
			buildSettings = {
				ASSETCATALOG_COMPILER_APPICON_NAME = AppIcon;
				ASSETCATALOG_COMPILER_GLOBAL_ACCENT_COLOR_NAME = AccentColor;
				CODE_SIGN_STYLE = Automatic;
				CURRENT_PROJECT_VERSION = 1;
				DEVELOPMENT_TEAM = Q2VA6W33TG;
				GENERATE_INFOPLIST_FILE = YES;
				INFOPLIST_FILE = BMIwithSegue/Info.plist;
				INFOPLIST_KEY_UIApplicationSupportsIndirectInputEvents = YES;
				INFOPLIST_KEY_UILaunchStoryboardName = LaunchScreen;
				INFOPLIST_KEY_UIMainStoryboardFile = Main;
				INFOPLIST_KEY_UISupportedInterfaceOrientations_iPad = "UIInterfaceOrientationPortrait UIInterfaceOrientationPortraitUpsideDown UIInterfaceOrientationLandscapeLeft UIInterfaceOrientationLandscapeRight";
				INFOPLIST_KEY_UISupportedInterfaceOrientations_iPhone = "UIInterfaceOrientationPortrait UIInterfaceOrientationLandscapeLeft UIInterfaceOrientationLandscapeRight";
				LD_RUNPATH_SEARCH_PATHS = (
					"$(inherited)",
					"@executable_path/Frameworks",
				);
				MARKETING_VERSION = 1.0;
				PRODUCT_BUNDLE_IDENTIFIER = Bolshibayeva.Aigerim.BMIwithSegue;
				PRODUCT_NAME = "$(TARGET_NAME)";
				SWIFT_EMIT_LOC_STRINGS = YES;
				SWIFT_VERSION = 5.0;
				TARGETED_DEVICE_FAMILY = 1;
			};
			name = Release;
		};
/* End XCBuildConfiguration section */

/* Begin XCConfigurationList section */
		19A965C92813F8BE002E256D /* Build configuration list for PBXProject "BMIwithSegue" */ = {
			isa = XCConfigurationList;
			buildConfigurations = (
				19A965E02813F8C0002E256D /* Debug */,
				19A965E12813F8C0002E256D /* Release */,
			);
			defaultConfigurationIsVisible = 0;
			defaultConfigurationName = Release;
		};
		19A965E22813F8C0002E256D /* Build configuration list for PBXNativeTarget "BMIwithSegue" */ = {
			isa = XCConfigurationList;
			buildConfigurations = (
				19A965E32813F8C0002E256D /* Debug */,
				19A965E42813F8C0002E256D /* Release */,
			);
			defaultConfigurationIsVisible = 0;
			defaultConfigurationName = Release;
		};
/* End XCConfigurationList section */
	};
	rootObject = 19A965C62813F8BE002E256D /* Project object */;
}
